
Microsoft Visual Studio Solution File, Format Version 12.00
# Visual Studio 15
VisualStudioVersion = 15.0.28307.106
MinimumVisualStudioVersion = 10.0.40219.1
Project("{9A19103F-16F7-4668-BE54-9A1E7A4F7556}") = "NNS_SDK_CSharp", "NNS_SDK_CSharp\NNS_SDK_CSharp.csproj", "{BFC7B3D9-D99A-471D-BD08-196C31348377}"
EndProject
Project("{FAE04EC0-301F-11D3-BF4B-00C04F79EFBC}") = "NNS_SDK_CSarp_GUItest", "NNS_SDK_CSarp_GUItest\NNS_SDK_CSarp_GUItest.csproj", "{79EE36E3-847B-4E3F-B3AA-8D99326830DD}"
EndProject
Global
	GlobalSection(SolutionConfigurationPlatforms) = preSolution
		Debug|Any CPU = Debug|Any CPU
		Release|Any CPU = Release|Any CPU
	EndGlobalSection
	GlobalSection(ProjectConfigurationPlatforms) = postSolution
		{BFC7B3D9-D99A-471D-BD08-196C31348377}.Debug|Any CPU.ActiveCfg = Debug|Any CPU
		{BFC7B3D9-D99A-471D-BD08-196C31348377}.Debug|Any CPU.Build.0 = Debug|Any CPU
		{BFC7B3D9-D99A-471D-BD08-196C31348377}.Release|Any CPU.ActiveCfg = Release|Any CPU
		{BFC7B3D9-D99A-471D-BD08-196C31348377}.Release|Any CPU.Build.0 = Release|Any CPU
		{79EE36E3-847B-4E3F-B3AA-8D99326830DD}.Debug|Any CPU.ActiveCfg = Debug|Any CPU
		{79EE36E3-847B-4E3F-B3AA-8D99326830DD}.Debug|Any CPU.Build.0 = Debug|Any CPU
		{79EE36E3-847B-4E3F-B3AA-8D99326830DD}.Release|Any CPU.ActiveCfg = Release|Any CPU
		{79EE36E3-847B-4E3F-B3AA-8D99326830DD}.Release|Any CPU.Build.0 = Release|Any CPU
	EndGlobalSection
	GlobalSection(SolutionProperties) = preSolution
		HideSolutionNode = FALSE
	EndGlobalSection
	GlobalSection(ExtensibilityGlobals) = postSolution
		SolutionGuid = {518243F8-E4ED-4B5C-B6DA-3401D3893AB1}
	EndGlobalSection
EndGlobal
